
Microsoft Visual Studio Solution File, Format Version 12.00
# Visual Studio Version 16
VisualStudioVersion = 16.0.30717.126
MinimumVisualStudioVersion = 10.0.40219.1
Project("{9A19103F-16F7-4668-BE54-9A1E7A4F7556}") = "BattleshipGame", "BattleshipGame\BattleshipGame.csproj", "{49761146-F3C4-4CB5-AF89-A80822721920}"
EndProject
Project("{FAE04EC0-301F-11D3-BF4B-00C04F79EFBC}") = "BattleshipTests", "BattleshipTests\BattleshipTests.csproj", "{3B7D340F-AD20-4006-9486-B8A0F651F5F8}"
EndProject
Global
	GlobalSection(SolutionConfigurationPlatforms) = preSolution
		Debug|Any CPU = Debug|Any CPU
		Release|Any CPU = Release|Any CPU
	EndGlobalSection
	GlobalSection(ProjectConfigurationPlatforms) = postSolution
		{49761146-F3C4-4CB5-AF89-A80822721920}.Debug|Any CPU.ActiveCfg = Debug|Any CPU
		{49761146-F3C4-4CB5-AF89-A80822721920}.Debug|Any CPU.Build.0 = Debug|Any CPU
		{49761146-F3C4-4CB5-AF89-A80822721920}.Release|Any CPU.ActiveCfg = Release|Any CPU
		{49761146-F3C4-4CB5-AF89-A80822721920}.Release|Any CPU.Build.0 = Release|Any CPU
		{3B7D340F-AD20-4006-9486-B8A0F651F5F8}.Debug|Any CPU.ActiveCfg = Debug|Any CPU
		{3B7D340F-AD20-4006-9486-B8A0F651F5F8}.Debug|Any CPU.Build.0 = Debug|Any CPU
		{3B7D340F-AD20-4006-9486-B8A0F651F5F8}.Release|Any CPU.ActiveCfg = Release|Any CPU
		{3B7D340F-AD20-4006-9486-B8A0F651F5F8}.Release|Any CPU.Build.0 = Release|Any CPU
	EndGlobalSection
	GlobalSection(SolutionProperties) = preSolution
		HideSolutionNode = FALSE
	EndGlobalSection
	GlobalSection(ExtensibilityGlobals) = postSolution
		SolutionGuid = {DCBEAD43-2904-4F76-A5E8-9DBD3A82D7E7}
	EndGlobalSection
EndGlobal
